<?xml version="1.0" encoding="utf-8"?>
<Project ToolsVersion="4.0" xmlns="http://schemas.microsoft.com/developer/msbuild/2003">
  <ItemGroup>
    <Filter Include="Source Files">
      <UniqueIdentifier>{4FC737F1-C7A5-4376-A066-2A32D752A2FF}</UniqueIdentifier>
      <Extensions>cpp;c;cc;cxx;c++;cppm;ixx;def;odl;idl;hpj;bat;asm;asmx</Extensions>
    </Filter>
    <Filter Include="Header Files">
      <UniqueIdentifier>{93995380-89BD-4b04-88EB-625FBE52EBFB}</UniqueIdentifier>
      <Extensions>h;hh;hpp;hxx;h++;hm;inl;inc;ipp;xsd</Extensions>
    </Filter>
    <Filter Include="Resource Files">
      <UniqueIdentifier>{67DA6AB6-F800-4c08-8B7A-83BB121AAD01}</UniqueIdentifier>
      <Extensions>rc;ico;cur;bmp;dlg;rc2;rct;bin;rgs;gif;jpg;jpeg;jpe;resx;tiff;tif;png;wav;mfcribbon-ms</Extensions>
    </Filter>
  </ItemGroup>
  <ItemGroup>
    <ClCompile Include="MyForm.cpp">
      <Filter>Source Files</Filter>
    </ClCompile>
    <ClCompile Include="SubscrpPlans.cpp">
      <Filter>Source Files</Filter>
    </ClCompile>
    <ClCompile Include="HealthAssess.cpp">
      <Filter>Source Files</Filter>
    </ClCompile>
    <ClCompile Include="UserDashboard.cpp">
      <Filter>Source Files</Filter>
    </ClCompile>
    <ClCompile Include="DailyMetric.cpp">
      <Filter>Source Files</Filter>
    </ClCompile>
    <ClCompile Include="CoachDashboard.cpp">
      <Filter>Source Files</Filter>
    </ClCompile>
    <ClCompile Include="ViewUserInfo.cpp">
      <Filter>Source Files</Filter>
    </ClCompile>
    <ClCompile Include="AllWorkouts.cpp">
      <Filter>Source Files</Filter>
    </ClCompile>
    <ClCompile Include="ExercisePlan.cpp">
      <Filter>Source Files</Filter>
    </ClCompile>
    <ClCompile Include="NutritionPlan.cpp">
      <Filter>Source Files</Filter>
    </ClCompile>
    <ClCompile Include="Payments.cpp">
      <Filter>Source Files</Filter>
    </ClCompile>
    <ClCompile Include="Workouts.cpp">
      <Filter>Source Files</Filter>
    </ClCompile>
    <ClCompile Include="CoachUserDashboard.cpp">
      <Filter>Source Files</Filter>
    </ClCompile>
    <ClCompile Include="UpdateHealthAssessment.cpp">
      <Filter>Source Files</Filter>
    </ClCompile>
    <ClCompile Include="EditExercisePlan.cpp">
      <Filter>Source Files</Filter>
    </ClCompile>
    <ClCompile Include="EditNutritionPlan.cpp">
      <Filter>Source Files</Filter>
    </ClCompile>
    <ClCompile Include="AddUser.cpp">
      <Filter>Source Files</Filter>
    </ClCompile>
    <ClCompile Include="AddCoach.cpp">
      <Filter>Source Files</Filter>
    </ClCompile>
  </ItemGroup>
  <ItemGroup>
    <ClInclude Include="MyForm.h">
      <Filter>Header Files</Filter>
    </ClInclude>
    <ClInclude Include="SubscrpPlans.h">
      <Filter>Header Files</Filter>
    </ClInclude>
    <ClInclude Include="HealthAssess.h">
      <Filter>Header Files</Filter>
    </ClInclude>
    <ClInclude Include="UserDashboard.h">
      <Filter>Header Files</Filter>
    </ClInclude>
    <ClInclude Include="DailyMetric.h">
      <Filter>Header Files</Filter>
    </ClInclude>
    <ClInclude Include="CoachDashboard.h">
      <Filter>Header Files</Filter>
    </ClInclude>
    <ClInclude Include="ViewUserInfo.h">
      <Filter>Header Files</Filter>
    </ClInclude>
    <ClInclude Include="AllWorkouts.h">
      <Filter>Header Files</Filter>
    </ClInclude>
    <ClInclude Include="ExercisePlan.h">
      <Filter>Header Files</Filter>
    </ClInclude>
    <ClInclude Include="NutritionPlan.h">
      <Filter>Header Files</Filter>
    </ClInclude>
    <ClInclude Include="Payments.h">
      <Filter>Header Files</Filter>
    </ClInclude>
    <ClInclude Include="Workouts.h">
      <Filter>Header Files</Filter>
    </ClInclude>
    <ClInclude Include="CoachUserDashboard.h">
      <Filter>Header Files</Filter>
    </ClInclude>
    <ClInclude Include="UpdateHealthAssessment.h">
      <Filter>Header Files</Filter>
    </ClInclude>
    <ClInclude Include="EditExercisePlan.h">
      <Filter>Header Files</Filter>
    </ClInclude>
    <ClInclude Include="EditNutritionPlan.h">
      <Filter>Header Files</Filter>
    </ClInclude>
    <ClInclude Include="AddUser.h">
      <Filter>Header Files</Filter>
    </ClInclude>
    <ClInclude Include="AddCoach.h">
      <Filter>Header Files</Filter>
    </ClInclude>
  </ItemGroup>
</Project>